
Microsoft Visual Studio Solution File, Format Version 12.00
# Visual Studio Version 17
VisualStudioVersion = 17.9.34728.123
MinimumVisualStudioVersion = 10.0.40219.1
Project("{FAE04EC0-301F-11D3-BF4B-00C04F79EFBC}") = "AMAPP.API", "AMAPP.API\AMAPP.API.csproj", "{69069296-AD77-4B77-8D4B-396653C34752}"
EndProject
Project("{FAE04EC0-301F-11D3-BF4B-00C04F79EFBC}") = "AMAPP.Web", "AMAPP.Web\AMAPP.Web.csproj", "{3728C4D6-E66E-4888-9336-B8F481F7905C}"
EndProject
Global
	GlobalSection(SolutionConfigurationPlatforms) = preSolution
		Debug|Any CPU = Debug|Any CPU
		Release|Any CPU = Release|Any CPU
	EndGlobalSection
	GlobalSection(ProjectConfigurationPlatforms) = postSolution
		{69069296-AD77-4B77-8D4B-396653C34752}.Debug|Any CPU.ActiveCfg = Debug|Any CPU
		{69069296-AD77-4B77-8D4B-396653C34752}.Debug|Any CPU.Build.0 = Debug|Any CPU
		{69069296-AD77-4B77-8D4B-396653C34752}.Release|Any CPU.ActiveCfg = Release|Any CPU
		{69069296-AD77-4B77-8D4B-396653C34752}.Release|Any CPU.Build.0 = Release|Any CPU
		{3728C4D6-E66E-4888-9336-B8F481F7905C}.Debug|Any CPU.ActiveCfg = Debug|Any CPU
		{3728C4D6-E66E-4888-9336-B8F481F7905C}.Debug|Any CPU.Build.0 = Debug|Any CPU
		{3728C4D6-E66E-4888-9336-B8F481F7905C}.Release|Any CPU.ActiveCfg = Release|Any CPU
		{3728C4D6-E66E-4888-9336-B8F481F7905C}.Release|Any CPU.Build.0 = Release|Any CPU
	EndGlobalSection
	GlobalSection(SolutionProperties) = preSolution
		HideSolutionNode = FALSE
	EndGlobalSection
	GlobalSection(ExtensibilityGlobals) = postSolution
		SolutionGuid = {B9861F50-87A5-4B08-A2C5-F11598919E52}
	EndGlobalSection
EndGlobal
